
Microsoft Visual Studio Solution File, Format Version 12.00
# Visual Studio 15
VisualStudioVersion = 15.0.28010.2046
MinimumVisualStudioVersion = 10.0.40219.1
Project("{FAE04EC0-301F-11D3-BF4B-00C04F79EFBC}") = "BicycleParking", "BicycleParking\BicycleParking.csproj", "{1DFC70F1-0622-4601-B62B-E1A27BED81FA}"
EndProject
Global
	GlobalSection(SolutionConfigurationPlatforms) = preSolution
		Debug|Any CPU = Debug|Any CPU
		Release|Any CPU = Release|Any CPU
	EndGlobalSection
	GlobalSection(ProjectConfigurationPlatforms) = postSolution
		{1DFC70F1-0622-4601-B62B-E1A27BED81FA}.Debug|Any CPU.ActiveCfg = Debug|Any CPU
		{1DFC70F1-0622-4601-B62B-E1A27BED81FA}.Debug|Any CPU.Build.0 = Debug|Any CPU
		{1DFC70F1-0622-4601-B62B-E1A27BED81FA}.Release|Any CPU.ActiveCfg = Release|Any CPU
		{1DFC70F1-0622-4601-B62B-E1A27BED81FA}.Release|Any CPU.Build.0 = Release|Any CPU
	EndGlobalSection
	GlobalSection(SolutionProperties) = preSolution
		HideSolutionNode = FALSE
	EndGlobalSection
	GlobalSection(ExtensibilityGlobals) = postSolution
		SolutionGuid = {0A3A3385-0260-47F1-90FB-464F28C316B2}
	EndGlobalSection
EndGlobal
