
Microsoft Visual Studio Solution File, Format Version 12.00
# Visual Studio Version 16
VisualStudioVersion = 16.0.30413.136
MinimumVisualStudioVersion = 10.0.40219.1
Project("{FAE04EC0-301F-11D3-BF4B-00C04F79EFBC}") = "DiceRolling", "DiceRolling\DiceRolling.csproj", "{31EA19C1-9512-46B8-8DE2-2E4DAEBFCB0F}"
EndProject
Global
	GlobalSection(SolutionConfigurationPlatforms) = preSolution
		Debug|Any CPU = Debug|Any CPU
		Release|Any CPU = Release|Any CPU
	EndGlobalSection
	GlobalSection(ProjectConfigurationPlatforms) = postSolution
		{31EA19C1-9512-46B8-8DE2-2E4DAEBFCB0F}.Debug|Any CPU.ActiveCfg = Debug|Any CPU
		{31EA19C1-9512-46B8-8DE2-2E4DAEBFCB0F}.Debug|Any CPU.Build.0 = Debug|Any CPU
		{31EA19C1-9512-46B8-8DE2-2E4DAEBFCB0F}.Release|Any CPU.ActiveCfg = Release|Any CPU
		{31EA19C1-9512-46B8-8DE2-2E4DAEBFCB0F}.Release|Any CPU.Build.0 = Release|Any CPU
	EndGlobalSection
	GlobalSection(SolutionProperties) = preSolution
		HideSolutionNode = FALSE
	EndGlobalSection
	GlobalSection(ExtensibilityGlobals) = postSolution
		SolutionGuid = {84B2F54B-C1B1-43DB-A082-3FE195E3BD2F}
	EndGlobalSection
EndGlobal
